<?xml version="1.0" encoding="utf-8"?>
<Project ToolsVersion="4.0" xmlns="http://schemas.microsoft.com/developer/msbuild/2003">
  <ItemGroup>
    <Filter Include="Source Files">
      <UniqueIdentifier>{4FC737F1-C7A5-4376-A066-2A32D752A2FF}</UniqueIdentifier>
      <Extensions>cpp;c;cc;cxx;c++;cppm;ixx;def;odl;idl;hpj;bat;asm;asmx</Extensions>
    </Filter>
    <Filter Include="Header Files">
      <UniqueIdentifier>{93995380-89BD-4b04-88EB-625FBE52EBFB}</UniqueIdentifier>
      <Extensions>h;hh;hpp;hxx;h++;hm;inl;inc;ipp;xsd</Extensions>
    </Filter>
    <Filter Include="Source Files\LightningScnaner">
      <UniqueIdentifier>{c715432b-b1e0-4bb9-9f5c-747316d1aac9}</UniqueIdentifier>
    </Filter>
    <Filter Include="Source Files\Zydis">
      <UniqueIdentifier>{9a4b299b-9adb-4310-b922-37cf389d9ceb}</UniqueIdentifier>
    </Filter>
    <Filter Include="Source Files\wrapper">
      <UniqueIdentifier>{a35a7edd-6d99-459e-8d55-d96a24e2f473}</UniqueIdentifier>
    </Filter>
  </ItemGroup>
  <ItemGroup>
    <ClCompile Include="dllmain.cpp">
      <Filter>Source Files</Filter>
    </ClCompile>
    <ClCompile Include="libs\LightningScanner\CpuInfo.cpp">
      <Filter>Source Files\LightningScnaner</Filter>
    </ClCompile>
    <ClCompile Include="libs\LightningScanner\backends\Avx2.cpp">
      <Filter>Source Files\LightningScnaner</Filter>
    </ClCompile>
    <ClCompile Include="libs\LightningScanner\backends\Scalar.cpp">
      <Filter>Source Files\LightningScnaner</Filter>
    </ClCompile>
    <ClCompile Include="libs\LightningScanner\backends\Sse42.cpp">
      <Filter>Source Files\LightningScnaner</Filter>
    </ClCompile>
    <ClCompile Include="libs\LightningScanner\backends\StdFind.cpp">
      <Filter>Source Files\LightningScnaner</Filter>
    </ClCompile>
    <ClCompile Include="libs\Zydis.c">
      <Filter>Source Files\Zydis</Filter>
    </ClCompile>
  </ItemGroup>
  <ItemGroup>
    <MASM Include="version\version_asm.asm">
      <Filter>Source Files\wrapper</Filter>
    </MASM>
  </ItemGroup>
</Project>